<?xml version="1.0" encoding="utf-8"?>
<Project ToolsVersion="4.0" xmlns="http://schemas.microsoft.com/developer/msbuild/2003">
  <ItemGroup>
    <Filter Include="ソース ファイル">
      <UniqueIdentifier>{4FC737F1-C7A5-4376-A066-2A32D752A2FF}</UniqueIdentifier>
      <Extensions>cpp;c;cc;cxx;def;odl;idl;hpj;bat;asm;asmx</Extensions>
    </Filter>
    <Filter Include="ヘッダー ファイル">
      <UniqueIdentifier>{93995380-89BD-4b04-88EB-625FBE52EBFB}</UniqueIdentifier>
      <Extensions>h;hh;hpp;hxx;hm;inl;inc;ipp;xsd</Extensions>
    </Filter>
    <Filter Include="リソース ファイル">
      <UniqueIdentifier>{67DA6AB6-F800-4c08-8B7A-83BB121AAD01}</UniqueIdentifier>
      <Extensions>rc;ico;cur;bmp;dlg;rc2;rct;bin;rgs;gif;jpg;jpeg;jpe;resx;tiff;tif;png;wav;mfcribbon-ms</Extensions>
    </Filter>
    <Filter Include="ソース ファイル\Map">
      <UniqueIdentifier>{cd4f4e65-f492-41b9-9cad-9129d107e027}</UniqueIdentifier>
    </Filter>
    <Filter Include="ソース ファイル\Human">
      <UniqueIdentifier>{7cb1227b-ad72-44a9-8384-5af2c4f64c97}</UniqueIdentifier>
    </Filter>
    <Filter Include="ソース ファイル\System">
      <UniqueIdentifier>{8dbbc975-a751-403c-add8-de871b6c30df}</UniqueIdentifier>
    </Filter>
    <Filter Include="ソース ファイル\Main">
      <UniqueIdentifier>{972cfa09-ef5c-4440-a84b-493c28fe0fd6}</UniqueIdentifier>
    </Filter>
    <Filter Include="ヘッダー ファイル\Map">
      <UniqueIdentifier>{e2c47cac-7bb2-4008-a5ff-d50a640d94a6}</UniqueIdentifier>
    </Filter>
    <Filter Include="ヘッダー ファイル\Human">
      <UniqueIdentifier>{975d8941-e5a6-4bdb-ae65-ff8ef17c7ef4}</UniqueIdentifier>
    </Filter>
    <Filter Include="ヘッダー ファイル\System">
      <UniqueIdentifier>{42895dc4-26b0-4d9c-88cf-19b217d0c8fc}</UniqueIdentifier>
    </Filter>
    <Filter Include="ヘッダー ファイル\Constant">
      <UniqueIdentifier>{427c061c-313f-4dba-8d42-0b6b9f272d78}</UniqueIdentifier>
    </Filter>
    <Filter Include="ヘッダー ファイル\Vector">
      <UniqueIdentifier>{d52f0615-50e4-4a62-824d-375dc3a0aa00}</UniqueIdentifier>
    </Filter>
    <Filter Include="ソース ファイル\Vector">
      <UniqueIdentifier>{7e57e0c3-2ca7-4753-acc9-1b3d7787be9a}</UniqueIdentifier>
    </Filter>
    <Filter Include="ソース ファイル\Event">
      <UniqueIdentifier>{89538ecd-ad36-4936-b56c-aff53cdddd7f}</UniqueIdentifier>
    </Filter>
    <Filter Include="ヘッダー ファイル\Event">
      <UniqueIdentifier>{611726a3-1074-4b0a-acae-9d141f8c1b7a}</UniqueIdentifier>
    </Filter>
    <Filter Include="ヘッダー ファイル\Data">
      <UniqueIdentifier>{8fd7ab99-12d0-4315-9939-16dcdedb3e55}</UniqueIdentifier>
    </Filter>
    <Filter Include="ソース ファイル\Data">
      <UniqueIdentifier>{c0b776c4-1f07-4250-9b06-320d0b03ecc6}</UniqueIdentifier>
    </Filter>
  </ItemGroup>
  <ItemGroup>
    <ClCompile Include="human.cpp">
      <Filter>ソース ファイル\Human</Filter>
    </ClCompile>
    <ClCompile Include="player.cpp">
      <Filter>ソース ファイル\Human</Filter>
    </ClCompile>
    <ClCompile Include="main.cpp">
      <Filter>ソース ファイル\Main</Filter>
    </ClCompile>
    <ClCompile Include="mapInformation.cpp">
      <Filter>ソース ファイル\Map</Filter>
    </ClCompile>
    <ClCompile Include="windowPreference.cpp">
      <Filter>ソース ファイル\System</Filter>
    </ClCompile>
    <ClCompile Include="loopProcess.cpp">
      <Filter>ソース ファイル\System</Filter>
    </ClCompile>
    <ClCompile Include="inputProcess.cpp">
      <Filter>ソース ファイル\System</Filter>
    </ClCompile>
    <ClCompile Include="mapImport.cpp">
      <Filter>ソース ファイル\Map</Filter>
    </ClCompile>
    <ClCompile Include="mapDraw.cpp">
      <Filter>ソース ファイル\Map</Filter>
    </ClCompile>
    <ClCompile Include="mapBase.cpp">
      <Filter>ソース ファイル\Map</Filter>
    </ClCompile>
    <ClCompile Include="mapCollision.cpp">
      <Filter>ソース ファイル\Map</Filter>
    </ClCompile>
    <ClCompile Include="vec2.cpp">
      <Filter>ソース ファイル\Vector</Filter>
    </ClCompile>
    <ClCompile Include="eventField.cpp">
      <Filter>ソース ファイル\Event</Filter>
    </ClCompile>
    <ClCompile Include="dataSave.cpp">
      <Filter>ソース ファイル\Data</Filter>
    </ClCompile>
  </ItemGroup>
  <ItemGroup>
    <ClInclude Include="human.h">
      <Filter>ヘッダー ファイル\Human</Filter>
    </ClInclude>
    <ClInclude Include="player.h">
      <Filter>ヘッダー ファイル\Human</Filter>
    </ClInclude>
    <ClInclude Include="mapInformation.h">
      <Filter>ヘッダー ファイル\Map</Filter>
    </ClInclude>
    <ClInclude Include="mapImport.h">
      <Filter>ヘッダー ファイル\Map</Filter>
    </ClInclude>
    <ClInclude Include="mapDraw.h">
      <Filter>ヘッダー ファイル\Map</Filter>
    </ClInclude>
    <ClInclude Include="mapBase.h">
      <Filter>ヘッダー ファイル\Map</Filter>
    </ClInclude>
    <ClInclude Include="constant.h">
      <Filter>ヘッダー ファイル\Constant</Filter>
    </ClInclude>
    <ClInclude Include="windowPreference.h">
      <Filter>ヘッダー ファイル\System</Filter>
    </ClInclude>
    <ClInclude Include="loopProcess.h">
      <Filter>ヘッダー ファイル\System</Filter>
    </ClInclude>
    <ClInclude Include="inputProcess.h">
      <Filter>ヘッダー ファイル\System</Filter>
    </ClInclude>
    <ClInclude Include="mapCollision.h">
      <Filter>ヘッダー ファイル\Map</Filter>
    </ClInclude>
    <ClInclude Include="vec2.h">
      <Filter>ヘッダー ファイル\Vector</Filter>
    </ClInclude>
    <ClInclude Include="eventField.h">
      <Filter>ヘッダー ファイル\Event</Filter>
    </ClInclude>
    <ClInclude Include="dataSave.h">
      <Filter>ヘッダー ファイル\Data</Filter>
    </ClInclude>
  </ItemGroup>
</Project>